PODS:
  - Alamofire (4.9.1)
  - SwiftyJSON (5.0.0)
  - TextFieldEffects (1.6.0)

DEPENDENCIES:
  - Alamofire
  - SwiftyJSON
  - TextFieldEffects

SPEC REPOS:
  trunk:
    - Alamofire
    - SwiftyJSON
    - TextFieldEffects

SPEC CHECKSUMS:
  Alamofire: 85e8a02c69d6020a0d734f6054870d7ecb75cf18
  SwiftyJSON: 36413e04c44ee145039d332b4f4e2d3e8d6c4db7
  TextFieldEffects: 529b8aff706fb40f82c41c780c0777941a893796

PODFILE CHECKSUM: a8943fd8f6f2837f311bdc1dfb02bf8cc6516870

COCOAPODS: 1.9.1
